
Microsoft Visual Studio Solution File, Format Version 12.00
# Visual Studio Version 17
VisualStudioVersion = 17.0.31903.59
MinimumVisualStudioVersion = 10.0.40219.1
Project("{54A90642-561A-4BB1-A94E-469ADEE60C69}") = "fiitflowreactapp.client", "fiitflowreactapp.client\fiitflowreactapp.client.esproj", "{52C07BCD-F9C5-4798-8E40-F05EE9E862DC}"
EndProject
Project("{FAE04EC0-301F-11D3-BF4B-00C04F79EFBC}") = "FiitFlowReactApp.Server", "FiitFlowReactApp.Server\FiitFlowReactApp.Server.csproj", "{0C8A337D-96B8-4598-8A06-376B47379942}"
EndProject
Project("{FAE04EC0-301F-11D3-BF4B-00C04F79EFBC}") = "FiitFlow.Parser", "FiitFlow.Parser\FiitFlow.Parser.csproj", "{37E8DFCC-504E-49FC-B829-19D7F63AC0B4}"
EndProject
Project("{2150E333-8FDC-42A3-9474-1A3956D46DE8}") = "FiitFlow", "FiitFlow", "{E8C5DD88-84A5-FE73-F604-B0610918A8E7}"
EndProject
Project("{FAE04EC0-301F-11D3-BF4B-00C04F79EFBC}") = "FiitFlow", "FiitFlow\FiitFlow\FiitFlow.csproj", "{53611A64-4EE5-4310-B3AF-A82A373D75DF}"
EndProject
Global
	GlobalSection(SolutionConfigurationPlatforms) = preSolution
		Debug|Any CPU = Debug|Any CPU
		Debug|x64 = Debug|x64
		Debug|x86 = Debug|x86
		Release|Any CPU = Release|Any CPU
		Release|x64 = Release|x64
		Release|x86 = Release|x86
	EndGlobalSection
	GlobalSection(ProjectConfigurationPlatforms) = postSolution
		{52C07BCD-F9C5-4798-8E40-F05EE9E862DC}.Debug|Any CPU.ActiveCfg = Debug|Any CPU
		{52C07BCD-F9C5-4798-8E40-F05EE9E862DC}.Debug|x64.ActiveCfg = Debug|Any CPU
		{52C07BCD-F9C5-4798-8E40-F05EE9E862DC}.Debug|x86.ActiveCfg = Debug|Any CPU
		{52C07BCD-F9C5-4798-8E40-F05EE9E862DC}.Release|Any CPU.ActiveCfg = Release|Any CPU
		{52C07BCD-F9C5-4798-8E40-F05EE9E862DC}.Release|x64.ActiveCfg = Release|Any CPU
		{52C07BCD-F9C5-4798-8E40-F05EE9E862DC}.Release|x86.ActiveCfg = Release|Any CPU
		{0C8A337D-96B8-4598-8A06-376B47379942}.Debug|Any CPU.ActiveCfg = Debug|Any CPU
		{0C8A337D-96B8-4598-8A06-376B47379942}.Debug|Any CPU.Build.0 = Debug|Any CPU
		{0C8A337D-96B8-4598-8A06-376B47379942}.Debug|x64.ActiveCfg = Debug|Any CPU
		{0C8A337D-96B8-4598-8A06-376B47379942}.Debug|x64.Build.0 = Debug|Any CPU
		{0C8A337D-96B8-4598-8A06-376B47379942}.Debug|x86.ActiveCfg = Debug|Any CPU
		{0C8A337D-96B8-4598-8A06-376B47379942}.Debug|x86.Build.0 = Debug|Any CPU
		{0C8A337D-96B8-4598-8A06-376B47379942}.Release|Any CPU.ActiveCfg = Release|Any CPU
		{0C8A337D-96B8-4598-8A06-376B47379942}.Release|Any CPU.Build.0 = Release|Any CPU
		{0C8A337D-96B8-4598-8A06-376B47379942}.Release|x64.ActiveCfg = Release|Any CPU
		{0C8A337D-96B8-4598-8A06-376B47379942}.Release|x64.Build.0 = Release|Any CPU
		{0C8A337D-96B8-4598-8A06-376B47379942}.Release|x86.ActiveCfg = Release|Any CPU
		{0C8A337D-96B8-4598-8A06-376B47379942}.Release|x86.Build.0 = Release|Any CPU
		{37E8DFCC-504E-49FC-B829-19D7F63AC0B4}.Debug|Any CPU.ActiveCfg = Debug|Any CPU
		{37E8DFCC-504E-49FC-B829-19D7F63AC0B4}.Debug|Any CPU.Build.0 = Debug|Any CPU
		{37E8DFCC-504E-49FC-B829-19D7F63AC0B4}.Debug|x64.ActiveCfg = Debug|Any CPU
		{37E8DFCC-504E-49FC-B829-19D7F63AC0B4}.Debug|x64.Build.0 = Debug|Any CPU
		{37E8DFCC-504E-49FC-B829-19D7F63AC0B4}.Debug|x86.ActiveCfg = Debug|Any CPU
		{37E8DFCC-504E-49FC-B829-19D7F63AC0B4}.Debug|x86.Build.0 = Debug|Any CPU
		{37E8DFCC-504E-49FC-B829-19D7F63AC0B4}.Release|Any CPU.ActiveCfg = Release|Any CPU
		{37E8DFCC-504E-49FC-B829-19D7F63AC0B4}.Release|Any CPU.Build.0 = Release|Any CPU
		{37E8DFCC-504E-49FC-B829-19D7F63AC0B4}.Release|x64.ActiveCfg = Release|Any CPU
		{37E8DFCC-504E-49FC-B829-19D7F63AC0B4}.Release|x64.Build.0 = Release|Any CPU
		{37E8DFCC-504E-49FC-B829-19D7F63AC0B4}.Release|x86.ActiveCfg = Release|Any CPU
		{37E8DFCC-504E-49FC-B829-19D7F63AC0B4}.Release|x86.Build.0 = Release|Any CPU
		{53611A64-4EE5-4310-B3AF-A82A373D75DF}.Debug|Any CPU.ActiveCfg = Debug|Any CPU
		{53611A64-4EE5-4310-B3AF-A82A373D75DF}.Debug|Any CPU.Build.0 = Debug|Any CPU
		{53611A64-4EE5-4310-B3AF-A82A373D75DF}.Debug|x64.ActiveCfg = Debug|Any CPU
		{53611A64-4EE5-4310-B3AF-A82A373D75DF}.Debug|x64.Build.0 = Debug|Any CPU
		{53611A64-4EE5-4310-B3AF-A82A373D75DF}.Debug|x86.ActiveCfg = Debug|Any CPU
		{53611A64-4EE5-4310-B3AF-A82A373D75DF}.Debug|x86.Build.0 = Debug|Any CPU
		{53611A64-4EE5-4310-B3AF-A82A373D75DF}.Release|Any CPU.ActiveCfg = Release|Any CPU
		{53611A64-4EE5-4310-B3AF-A82A373D75DF}.Release|Any CPU.Build.0 = Release|Any CPU
		{53611A64-4EE5-4310-B3AF-A82A373D75DF}.Release|x64.ActiveCfg = Release|Any CPU
		{53611A64-4EE5-4310-B3AF-A82A373D75DF}.Release|x64.Build.0 = Release|Any CPU
		{53611A64-4EE5-4310-B3AF-A82A373D75DF}.Release|x86.ActiveCfg = Release|Any CPU
		{53611A64-4EE5-4310-B3AF-A82A373D75DF}.Release|x86.Build.0 = Release|Any CPU
	EndGlobalSection
	GlobalSection(SolutionProperties) = preSolution
		HideSolutionNode = FALSE
	EndGlobalSection
	GlobalSection(NestedProjects) = preSolution
		{53611A64-4EE5-4310-B3AF-A82A373D75DF} = {E8C5DD88-84A5-FE73-F604-B0610918A8E7}
	EndGlobalSection
EndGlobal
