
Microsoft Visual Studio Solution File, Format Version 12.00
# Visual Studio Version 17
VisualStudioVersion = 17.14.36623.8 d17.14
MinimumVisualStudioVersion = 10.0.40219.1
Project("{54A90642-561A-4BB1-A94E-469ADEE60C69}") = "fiitflowreactapp.client", "fiitflowreactapp.client\fiitflowreactapp.client.esproj", "{AF4C3EB8-EE94-C75A-0CDD-E0822DBC6D5B}"
EndProject
Project("{FAE04EC0-301F-11D3-BF4B-00C04F79EFBC}") = "FiitFlowReactApp.Server", "FiitFlowReactApp.Server\FiitFlowReactApp.Server.csproj", "{C0C754D6-74AD-4276-BD8C-309D542B5CE8}"
EndProject
Global
	GlobalSection(SolutionConfigurationPlatforms) = preSolution
		Debug|Any CPU = Debug|Any CPU
		Release|Any CPU = Release|Any CPU
	EndGlobalSection
	GlobalSection(ProjectConfigurationPlatforms) = postSolution
		{AF4C3EB8-EE94-C75A-0CDD-E0822DBC6D5B}.Debug|Any CPU.ActiveCfg = Debug|Any CPU
		{AF4C3EB8-EE94-C75A-0CDD-E0822DBC6D5B}.Debug|Any CPU.Build.0 = Debug|Any CPU
		{AF4C3EB8-EE94-C75A-0CDD-E0822DBC6D5B}.Debug|Any CPU.Deploy.0 = Debug|Any CPU
		{AF4C3EB8-EE94-C75A-0CDD-E0822DBC6D5B}.Release|Any CPU.ActiveCfg = Release|Any CPU
		{AF4C3EB8-EE94-C75A-0CDD-E0822DBC6D5B}.Release|Any CPU.Build.0 = Release|Any CPU
		{AF4C3EB8-EE94-C75A-0CDD-E0822DBC6D5B}.Release|Any CPU.Deploy.0 = Release|Any CPU
		{C0C754D6-74AD-4276-BD8C-309D542B5CE8}.Debug|Any CPU.ActiveCfg = Debug|Any CPU
		{C0C754D6-74AD-4276-BD8C-309D542B5CE8}.Debug|Any CPU.Build.0 = Debug|Any CPU
		{C0C754D6-74AD-4276-BD8C-309D542B5CE8}.Release|Any CPU.ActiveCfg = Release|Any CPU
		{C0C754D6-74AD-4276-BD8C-309D542B5CE8}.Release|Any CPU.Build.0 = Release|Any CPU
	EndGlobalSection
	GlobalSection(SolutionProperties) = preSolution
		HideSolutionNode = FALSE
	EndGlobalSection
	GlobalSection(ExtensibilityGlobals) = postSolution
		SolutionGuid = {B40C74E4-8145-4295-B8C5-1AB221776F5C}
	EndGlobalSection
EndGlobal
